{
  "version": 4,
  "terraform_version": "0.12.8",
  "serial": 7,
  "lineage": "67c1e04d-34be-886f-2860-c880ccf83920",
  "outputs": {},
  "resources": [
    {
      "module": "module.lambda",
      "mode": "data",
      "type": "archive_file",
      "name": "zip",
      "provider": "module.lambda.provider.archive",
      "instances": [
        {
          "schema_version": 0,
          "attributes": {
            "excludes": null,
            "id": "638c55b2f43934b5922bc6ccf04b965121324b40",
            "output_base64sha256": "RqL/hpn3resMWYiT01ynzREUoMz6FXmje/sO5F8r1So=",
            "output_md5": "3bf10017029724b7a4ff157314337c87",
            "output_path": "../build/main.zip",
            "output_sha": "638c55b2f43934b5922bc6ccf04b965121324b40",
            "output_size": 7860838,
            "source": [],
            "source_content": null,
            "source_content_filename": null,
            "source_dir": null,
            "source_file": "../build/main",
            "type": "zip"
          }
        }
      ]
    },
    {
      "module": "module.lambda",
      "mode": "data",
      "type": "aws_iam_policy_document",
      "name": "policy",
      "provider": "provider.aws",
      "instances": [
        {
          "schema_version": 0,
          "attributes": {
            "id": "3693445097",
            "json": "{\n  \"Version\": \"2012-10-17\",\n  \"Statement\": [\n    {\n      \"Sid\": \"\",\n      \"Effect\": \"Allow\",\n      \"Action\": \"sts:AssumeRole\",\n      \"Principal\": {\n        \"Service\": \"lambda.amazonaws.com\"\n      }\n    }\n  ]\n}",
            "override_json": null,
            "policy_id": null,
            "source_json": null,
            "statement": [
              {
                "actions": [
                  "sts:AssumeRole"
                ],
                "condition": [],
                "effect": "Allow",
                "not_actions": [],
                "not_principals": [],
                "not_resources": [],
                "principals": [
                  {
                    "identifiers": [
                      "lambda.amazonaws.com"
                    ],
                    "type": "Service"
                  }
                ],
                "resources": [],
                "sid": ""
              }
            ],
            "version": "2012-10-17"
          }
        }
      ]
    },
    {
      "module": "module.api",
      "mode": "managed",
      "type": "aws_api_gateway_deployment",
      "name": "deployment",
      "provider": "provider.aws",
      "instances": []
    },
    {
      "module": "module.api",
      "mode": "managed",
      "type": "aws_api_gateway_integration",
      "name": "request_integration",
      "provider": "provider.aws",
      "instances": []
    },
    {
      "module": "module.api",
      "mode": "managed",
      "type": "aws_api_gateway_method",
      "name": "proxy",
      "provider": "provider.aws",
      "instances": [
        {
          "schema_version": 0,
          "attributes": {
            "api_key_required": false,
            "authorization": "NONE",
            "authorization_scopes": [],
            "authorizer_id": "",
            "http_method": "ANY",
            "id": "agm-jbj7n4nzkh-3xs0f4-ANY",
            "request_models": {},
            "request_parameters": {},
            "request_parameters_in_json": null,
            "request_validator_id": "",
            "resource_id": "3xs0f4",
            "rest_api_id": "jbj7n4nzkh"
          },
          "private": "bnVsbA==",
          "depends_on": [
            "aws_api_gateway_resource.proxy",
            "aws_api_gateway_rest_api.api"
          ]
        }
      ]
    },
    {
      "module": "module.api",
      "mode": "managed",
      "type": "aws_api_gateway_resource",
      "name": "proxy",
      "provider": "provider.aws",
      "instances": [
        {
          "schema_version": 0,
          "attributes": {
            "id": "3xs0f4",
            "parent_id": "tjx0epvukd",
            "path": "/{proxy+}",
            "path_part": "{proxy+}",
            "rest_api_id": "jbj7n4nzkh"
          },
          "private": "bnVsbA==",
          "depends_on": [
            "aws_api_gateway_rest_api.api"
          ]
        }
      ]
    },
    {
      "module": "module.api",
      "mode": "managed",
      "type": "aws_api_gateway_rest_api",
      "name": "api",
      "provider": "provider.aws",
      "instances": [
        {
          "schema_version": 0,
          "attributes": {
            "api_key_source": "HEADER",
            "binary_media_types": [
              "application/protobuf"
            ],
            "body": null,
            "created_date": "2019-09-06T16:57:54Z",
            "description": "Terraform serverless",
            "endpoint_configuration": [
              {
                "types": [
                  "EDGE"
                ]
              }
            ],
            "execution_arn": "arn:aws:execute-api:us-east-1:031173249615:jbj7n4nzkh",
            "id": "jbj7n4nzkh",
            "minimum_compression_size": -1,
            "name": "ServerlessExample",
            "policy": "",
            "root_resource_id": "tjx0epvukd"
          },
          "private": "bnVsbA=="
        }
      ]
    },
    {
      "module": "module.dynamo",
      "mode": "managed",
      "type": "aws_dynamodb_table",
      "name": "movies-dynamodb-table",
      "provider": "provider.aws",
      "instances": [
        {
          "schema_version": 1,
          "attributes": {
            "arn": "arn:aws:dynamodb:us-east-1:031173249615:table/movies",
            "attribute": [
              {
                "name": "Title",
                "type": "S"
              },
              {
                "name": "Year",
                "type": "N"
              }
            ],
            "billing_mode": "PROVISIONED",
            "global_secondary_index": [],
            "hash_key": "Title",
            "id": "movies",
            "local_secondary_index": [],
            "name": "movies",
            "point_in_time_recovery": [
              {
                "enabled": false
              }
            ],
            "range_key": "Year",
            "read_capacity": 5,
            "server_side_encryption": [],
            "stream_arn": "",
            "stream_enabled": false,
            "stream_label": "",
            "stream_view_type": "",
            "tags": null,
            "timeouts": null,
            "ttl": [
              {
                "attribute_name": "",
                "enabled": false
              }
            ],
            "write_capacity": 5
          },
          "private": "eyJlMmJmYjczMC1lY2FhLTExZTYtOGY4OC0zNDM2M2JjN2M0YzAiOnsiY3JlYXRlIjo2MDAwMDAwMDAwMDAsImRlbGV0ZSI6NjAwMDAwMDAwMDAwLCJ1cGRhdGUiOjM2MDAwMDAwMDAwMDB9LCJzY2hlbWFfdmVyc2lvbiI6IjEifQ=="
        }
      ]
    },
    {
      "module": "module.lambda",
      "mode": "managed",
      "type": "aws_iam_role_policy",
      "name": "dynamo_lambda_policy",
      "provider": "provider.aws",
      "instances": []
    },
    {
      "module": "module.lambda",
      "mode": "managed",
      "type": "aws_iam_role_policy",
      "name": "logs",
      "provider": "provider.aws",
      "instances": []
    },
    {
      "module": "module.lambda",
      "mode": "managed",
      "type": "aws_lambda_function",
      "name": "lambda",
      "provider": "provider.aws",
      "instances": []
    },
    {
      "module": "module.api",
      "mode": "managed",
      "type": "aws_lambda_permission",
      "name": "allow_api_gateway",
      "provider": "provider.aws",
      "instances": []
    },
    {
      "module": "module.lambda",
      "mode": "managed",
      "type": "aws_s3_bucket",
      "name": "a",
      "provider": "provider.aws",
      "instances": [
        {
          "schema_version": 0,
          "attributes": {
            "acceleration_status": "",
            "acl": "private",
            "arn": "arn:aws:s3:::twirp-lambda-bucket",
            "bucket": "twirp-lambda-bucket",
            "bucket_domain_name": "twirp-lambda-bucket.s3.amazonaws.com",
            "bucket_prefix": null,
            "bucket_regional_domain_name": "twirp-lambda-bucket.s3.amazonaws.com",
            "cors_rule": [],
            "force_destroy": false,
            "hosted_zone_id": "Z3AQBSTGFYJSTF",
            "id": "twirp-lambda-bucket",
            "lifecycle_rule": [],
            "logging": [],
            "object_lock_configuration": [],
            "policy": null,
            "region": "us-east-1",
            "replication_configuration": [],
            "request_payer": "BucketOwner",
            "server_side_encryption_configuration": [],
            "tags": {
              "Environment": "Dev",
              "Name": "My bucket"
            },
            "versioning": [
              {
                "enabled": false,
                "mfa_delete": false
              }
            ],
            "website": [],
            "website_domain": null,
            "website_endpoint": null
          },
          "private": "bnVsbA=="
        }
      ]
    }
  ]
}
